{
    "_meta": {
        "hash": {
            "sha256": "1387624af4804a1abd06cfd8be38ed61d824ef748dd9b640fc11f2aa5aeb683b"
        },
        "pipfile-spec": 6,
        "requires": {
            "python_version": "3.10"
        },
        "sources": [
            {
                "name": "pypi",
                "url": "https://pypi.org/simple",
                "verify_ssl": true
            }
        ]
    },
    "default": {
        "argp": {
            "editable": true,
            "path": "."
        },
        "loguru": {
            "hashes": [
                "sha256:066bd06758d0a513e9836fd9c6b5a75bfb3fd36841f4b996bc60b547a309d41c",
                "sha256:4e2414d534a2ab57573365b3e6d0234dfb1d84b68b7f3b948e6fb743860a77c3"
            ],
            "markers": "python_version >= '3.5'",
            "version": "==0.6.0"
        }
    },
    "develop": {}
}
